
Microsoft Visual Studio Solution File, Format Version 12.00
# Visual Studio Version 16
VisualStudioVersion = 16.0.31112.23
MinimumVisualStudioVersion = 10.0.40219.1
Project("{2150E333-8FDC-42A3-9474-1A3956D46DE8}") = "01. Clients", "01. Clients", "{EAE6831E-32E6-4555-8421-0D8910F74BE7}"
EndProject
Project("{2150E333-8FDC-42A3-9474-1A3956D46DE8}") = "02. Gateways", "02. Gateways", "{9F13F714-C667-46CA-BA08-F0AAC8A1D2AC}"
EndProject
Project("{2150E333-8FDC-42A3-9474-1A3956D46DE8}") = "03. Services", "03. Services", "{99145D4F-AFE4-4651-B039-28632F476A57}"
EndProject
Project("{2150E333-8FDC-42A3-9474-1A3956D46DE8}") = "01. Identity", "01. Identity", "{81A1282F-37EB-4394-8A5C-3B1252DCA44C}"
EndProject
Project("{2150E333-8FDC-42A3-9474-1A3956D46DE8}") = "02. Catalog", "02. Catalog", "{D212466A-3376-481C-BEC7-6CD30FD1CFAE}"
EndProject
Project("{2150E333-8FDC-42A3-9474-1A3956D46DE8}") = "03. Customer", "03. Customer", "{18D005E0-7037-495C-9439-F8DC2ABD218F}"
EndProject
Project("{2150E333-8FDC-42A3-9474-1A3956D46DE8}") = "04. Order", "04. Order", "{297B2640-3C29-486D-86C3-D9F8149C4182}"
EndProject
Project("{9A19103F-16F7-4668-BE54-9A1E7A4F7556}") = "Catalog.Api", "src\Services\Catalog\Catalog.Api\Catalog.Api.csproj", "{BDD0645B-67E0-4889-983B-14A0D69AB539}"
EndProject
Project("{2150E333-8FDC-42A3-9474-1A3956D46DE8}") = "01. API", "01. API", "{5F7DFD0B-62A8-4E68-8F59-4AD641400EBC}"
EndProject
Project("{2150E333-8FDC-42A3-9474-1A3956D46DE8}") = "02. Services", "02. Services", "{820129F6-935F-46A8-B56B-2E4A98CD3620}"
EndProject
Project("{2150E333-8FDC-42A3-9474-1A3956D46DE8}") = "03. Persistence", "03. Persistence", "{533C16B1-DF19-40B3-BFDB-BA7FC4D51B47}"
EndProject
Project("{2150E333-8FDC-42A3-9474-1A3956D46DE8}") = "04. Models", "04. Models", "{1C77596F-2676-4D27-B1CE-778C84BBE371}"
EndProject
Project("{9A19103F-16F7-4668-BE54-9A1E7A4F7556}") = "Catalog.Domain", "src\Services\Catalog\Catalog.Domain\Catalog.Domain.csproj", "{7F23B23E-825A-464E-86A4-A08EA7128100}"
EndProject
Project("{9A19103F-16F7-4668-BE54-9A1E7A4F7556}") = "Catalog.Persistence.Database", "src\Services\Catalog\Catalog.Persistence.Database\Catalog.Persistence.Database.csproj", "{5AD05B4F-F702-4A54-AEFA-EB63C6C14719}"
EndProject
Project("{9A19103F-16F7-4668-BE54-9A1E7A4F7556}") = "Catalog.Service.Queries", "src\Services\Catalog\Catalog.Service.Queries\Catalog.Service.Queries.csproj", "{98E9D0CE-0DB1-4258-AF0D-5BE61D54B176}"
EndProject
Project("{2150E333-8FDC-42A3-9474-1A3956D46DE8}") = "Common", "Common", "{58B031CC-B17A-44E5-B226-97124790F11A}"
EndProject
Project("{9A19103F-16F7-4668-BE54-9A1E7A4F7556}") = "Service.Common.Collection", "src\Services\Service.Common.Collection\Service.Common.Collection.csproj", "{38140A9D-6DDC-48D8-A34D-EEDBE2D589C1}"
EndProject
Project("{9A19103F-16F7-4668-BE54-9A1E7A4F7556}") = "Service.Common.Mapping", "src\Services\Service.Common.Mapping\Service.Common.Mapping.csproj", "{C38EE39D-DBE8-4688-B147-C6C11130D65C}"
EndProject
Project("{9A19103F-16F7-4668-BE54-9A1E7A4F7556}") = "Service.Common.Paging", "src\Services\Service.Common.Paging\Service.Common.Paging.csproj", "{571903FF-1DB6-439D-9DE6-CD4D0948DFC9}"
EndProject
Project("{9A19103F-16F7-4668-BE54-9A1E7A4F7556}") = "Catalog.Service.EventHandlers", "src\Services\Catalog\Catalog.Service.EventHandlers\Catalog.Service.EventHandlers.csproj", "{3DD369D6-2059-4142-8265-68D9D755A823}"
EndProject
Project("{2150E333-8FDC-42A3-9474-1A3956D46DE8}") = "05. Common", "05. Common", "{EE6ADDF4-1F11-4794-B82A-84C91795F606}"
EndProject
Project("{9A19103F-16F7-4668-BE54-9A1E7A4F7556}") = "Catalog.Common", "src\Services\Catalog\Catalog.Common\Catalog.Common.csproj", "{30DAF032-1EF6-4DF1-A497-4A9FF79724FA}"
EndProject
Project("{2150E333-8FDC-42A3-9474-1A3956D46DE8}") = "05. Common", "05. Common", "{4CF09C15-C18A-436D-93AC-DEEDFC13369A}"
EndProject
Project("{9A19103F-16F7-4668-BE54-9A1E7A4F7556}") = "Common.Logging", "src\Common\Common.Logging\Common.Logging.csproj", "{6BA6075D-ED94-44E7-83A2-5616FB645D94}"
EndProject
Project("{2150E333-8FDC-42A3-9474-1A3956D46DE8}") = "06. Testing", "06. Testing", "{061523B8-63B9-4804-AADE-FC124957E157}"
EndProject
Project("{9A19103F-16F7-4668-BE54-9A1E7A4F7556}") = "Catalog.Tests", "src\Services\Catalog\Catalog.Tests\Catalog.Tests.csproj", "{5C4066A0-77D6-4C3D-8E54-47F9D723419C}"
EndProject
Project("{2150E333-8FDC-42A3-9474-1A3956D46DE8}") = "01. API", "01. API", "{CB10B99E-C50E-4B6B-BF65-FC6C32DFB2FE}"
EndProject
Project("{2150E333-8FDC-42A3-9474-1A3956D46DE8}") = "02. Services", "02. Services", "{4A1B707A-91B0-437B-9EB2-7212DB730D22}"
EndProject
Project("{2150E333-8FDC-42A3-9474-1A3956D46DE8}") = "03. Persistence", "03. Persistence", "{284B3155-20D1-4A7B-B848-F73BC635E9F5}"
EndProject
Project("{2150E333-8FDC-42A3-9474-1A3956D46DE8}") = "04. Models", "04. Models", "{DDE3F66F-A23A-4C1B-B080-FEA2740B6F81}"
EndProject
Project("{2150E333-8FDC-42A3-9474-1A3956D46DE8}") = "05. Testing", "05. Testing", "{42AD3AB1-3E06-42C7-8E6F-8B202CAC6025}"
EndProject
Project("{9A19103F-16F7-4668-BE54-9A1E7A4F7556}") = "Customer.Api", "src\Services\Customer\Customer.Api\Customer.Api.csproj", "{64258154-31BD-4A56-8C83-3D5326892687}"
EndProject
Project("{9A19103F-16F7-4668-BE54-9A1E7A4F7556}") = "Customer.Service.EventHandlers", "src\Services\Customer\Customer.Service.EventHandlers\Customer.Service.EventHandlers.csproj", "{C3BB8DEB-38C7-4A6C-9F79-8FC862814001}"
EndProject
Project("{9A19103F-16F7-4668-BE54-9A1E7A4F7556}") = "Customer.Service.Queries", "src\Services\Customer\Customer.Service.Queries\Customer.Service.Queries.csproj", "{3782C1E5-3D5B-436F-8839-D1EDA678F932}"
EndProject
Project("{9A19103F-16F7-4668-BE54-9A1E7A4F7556}") = "Customer.Domain", "src\Services\Customer\Customer.Domain\Customer.Domain.csproj", "{55369EC9-5715-4824-896D-5F3368A02AB0}"
EndProject
Project("{9A19103F-16F7-4668-BE54-9A1E7A4F7556}") = "Customer.Persistence.Database", "src\Services\Customer\Customer.Persistence.Database\Customer.Persistence.Database.csproj", "{2AA655B7-21D1-4882-93A5-6974DAEC4723}"
EndProject
Project("{2150E333-8FDC-42A3-9474-1A3956D46DE8}") = "01. API", "01. API", "{75E290CF-62B5-4918-83CB-667C14FB2C40}"
EndProject
Project("{2150E333-8FDC-42A3-9474-1A3956D46DE8}") = "02. Services", "02. Services", "{3E5396A5-BA1E-4AE5-87E2-C149AD19DDE0}"
EndProject
Project("{2150E333-8FDC-42A3-9474-1A3956D46DE8}") = "03. Persistence", "03. Persistence", "{16C28E55-7BE9-4ECB-9895-E2347FEBDD55}"
EndProject
Project("{2150E333-8FDC-42A3-9474-1A3956D46DE8}") = "04. Models", "04. Models", "{D7B28E69-BD40-4A70-B3BB-C11114957568}"
EndProject
Project("{2150E333-8FDC-42A3-9474-1A3956D46DE8}") = "05. Common", "05. Common", "{CEFDF8C3-5117-447E-ABFE-DA51897C8D48}"
EndProject
Project("{2150E333-8FDC-42A3-9474-1A3956D46DE8}") = "06. Testing", "06. Testing", "{BE149FA1-B4E4-4A84-A889-35599DDC4E0A}"
EndProject
Project("{9A19103F-16F7-4668-BE54-9A1E7A4F7556}") = "Order.Api", "src\Services\Order\Order.Api\Order.Api.csproj", "{2E542E71-366B-46A9-9995-3190AAF30777}"
EndProject
Project("{9A19103F-16F7-4668-BE54-9A1E7A4F7556}") = "Order.Service.EventHandlers", "src\Services\Order\Order.Service.EventHandlers\Order.Service.EventHandlers.csproj", "{465A0B32-7FF4-4BD3-B6D9-C02A853C3CBD}"
EndProject
Project("{9A19103F-16F7-4668-BE54-9A1E7A4F7556}") = "Order.Service.Queries", "src\Services\Order\Order.Service.Queries\Order.Service.Queries.csproj", "{331D1498-5D33-421B-9EE9-32B69D5BBB59}"
EndProject
Project("{9A19103F-16F7-4668-BE54-9A1E7A4F7556}") = "Order.Persistence.Database", "src\Services\Order\Order.Persistence.Database\Order.Persistence.Database.csproj", "{34C9B594-259B-4B1D-8CD4-A7A3CE9B586D}"
EndProject
Project("{9A19103F-16F7-4668-BE54-9A1E7A4F7556}") = "Order.Domain", "src\Services\Order\Order.Domain\Order.Domain.csproj", "{18DB56C3-745A-47C5-9A35-209A138BBD11}"
EndProject
Project("{9A19103F-16F7-4668-BE54-9A1E7A4F7556}") = "Order.Common", "src\Services\Order\Order.Common\Order.Common.csproj", "{68E4823D-6C05-4B07-B73B-2F0EB9BD00FE}"
EndProject
Project("{9A19103F-16F7-4668-BE54-9A1E7A4F7556}") = "Order.Service.Proxies", "src\Services\Order\Order.Service.Proxies\Order.Service.Proxies.csproj", "{FD2E7F2D-C970-4AF1-AB7F-0E2B62E83511}"
EndProject
Project("{2150E333-8FDC-42A3-9474-1A3956D46DE8}") = "07. Listeners", "07. Listeners", "{EF78988B-F85C-4408-A426-4EA3955B4925}"
EndProject
Project("{9A19103F-16F7-4668-BE54-9A1E7A4F7556}") = "Catalog.Listener", "src\Services\Catalog\Catalog.Listener\Catalog.Listener.csproj", "{8A197AF0-46C2-49CC-B002-F5749C2B2398}"
EndProject
Project("{2150E333-8FDC-42A3-9474-1A3956D46DE8}") = "01. API", "01. API", "{6999511A-103E-45D6-A4C9-4F0C1E3C51B9}"
EndProject
Project("{2150E333-8FDC-42A3-9474-1A3956D46DE8}") = "02. Services", "02. Services", "{41D4CD6F-9CC5-4392-8A9D-D796D182B17E}"
EndProject
Project("{2150E333-8FDC-42A3-9474-1A3956D46DE8}") = "03. Persistence", "03. Persistence", "{72D21866-ECDC-49AA-84B0-E162AA7D0E0E}"
EndProject
Project("{2150E333-8FDC-42A3-9474-1A3956D46DE8}") = "04. Models", "04. Models", "{6C944445-025F-47F1-AE2D-C50A9E5BD024}"
EndProject
Project("{2150E333-8FDC-42A3-9474-1A3956D46DE8}") = "05. Testing", "05. Testing", "{21000E3A-E533-4B9D-BB72-966E7E9CCE4B}"
EndProject
Project("{9A19103F-16F7-4668-BE54-9A1E7A4F7556}") = "Identity.Domain", "src\Services\Identity\Identity.Domain\Identity.Domain.csproj", "{572887EC-C5C5-46DE-B81F-0D91932DE999}"
EndProject
Project("{9A19103F-16F7-4668-BE54-9A1E7A4F7556}") = "Identity.Persistence.Database", "src\Services\Identity\Identity.Persistence.Database\Identity.Persistence.Database.csproj", "{07536CE5-5FD1-40C4-A484-66FA1F880541}"
EndProject
Project("{9A19103F-16F7-4668-BE54-9A1E7A4F7556}") = "Identity.Api", "src\Services\Identity\Identity.Api\Identity.Api.csproj", "{13498172-6950-44F0-AD8F-935E27C533B5}"
EndProject
Project("{9A19103F-16F7-4668-BE54-9A1E7A4F7556}") = "Identity.Service.EventHandlers", "src\Services\Identity\Identity.Service.EventHandlers\Identity.Service.EventHandlers.csproj", "{BBE775E3-E127-499B-8999-1DFAC9189216}"
EndProject
Project("{9A19103F-16F7-4668-BE54-9A1E7A4F7556}") = "Identity.Service.Queries", "src\Services\Identity\Identity.Service.Queries\Identity.Service.Queries.csproj", "{BE42F079-8CE7-4563-8DBE-2712B341490A}"
EndProject
Project("{9A19103F-16F7-4668-BE54-9A1E7A4F7556}") = "Api.Gateway.Models", "src\Gateways\Api.Gateway.Models\Api.Gateway.Models.csproj", "{D55849A7-955E-4A5D-8B7B-BCDD4F760CB3}"
EndProject
Project("{9A19103F-16F7-4668-BE54-9A1E7A4F7556}") = "Api.Gateway.WebClient", "src\Gateways\Api.Gateway.WebClient\Api.Gateway.WebClient.csproj", "{772D19FE-771D-4605-94AF-C65147FA571F}"
EndProject
Project("{9A19103F-16F7-4668-BE54-9A1E7A4F7556}") = "Api.Gateway.Proxies", "src\Gateways\Api.Gateway.Proxies\Api.Gateway.Proxies.csproj", "{D3F559B7-A9C1-4393-B5BC-BEE9950B50D9}"
EndProject
Project("{FAE04EC0-301F-11D3-BF4B-00C04F79EFBC}") = "Api.Gateway.WebClient.Proxy", "src\Gateways\Api.Gateway.WebClient.Proxy\Api.Gateway.WebClient.Proxy.csproj", "{B6D2927D-6AAF-4E40-B1B2-A4A02FD7ECA8}"
EndProject
Global
	GlobalSection(SolutionConfigurationPlatforms) = preSolution
		Debug|Any CPU = Debug|Any CPU
		Release|Any CPU = Release|Any CPU
	EndGlobalSection
	GlobalSection(ProjectConfigurationPlatforms) = postSolution
		{BDD0645B-67E0-4889-983B-14A0D69AB539}.Debug|Any CPU.ActiveCfg = Debug|Any CPU
		{BDD0645B-67E0-4889-983B-14A0D69AB539}.Debug|Any CPU.Build.0 = Debug|Any CPU
		{BDD0645B-67E0-4889-983B-14A0D69AB539}.Release|Any CPU.ActiveCfg = Release|Any CPU
		{BDD0645B-67E0-4889-983B-14A0D69AB539}.Release|Any CPU.Build.0 = Release|Any CPU
		{7F23B23E-825A-464E-86A4-A08EA7128100}.Debug|Any CPU.ActiveCfg = Debug|Any CPU
		{7F23B23E-825A-464E-86A4-A08EA7128100}.Debug|Any CPU.Build.0 = Debug|Any CPU
		{7F23B23E-825A-464E-86A4-A08EA7128100}.Release|Any CPU.ActiveCfg = Release|Any CPU
		{7F23B23E-825A-464E-86A4-A08EA7128100}.Release|Any CPU.Build.0 = Release|Any CPU
		{5AD05B4F-F702-4A54-AEFA-EB63C6C14719}.Debug|Any CPU.ActiveCfg = Debug|Any CPU
		{5AD05B4F-F702-4A54-AEFA-EB63C6C14719}.Debug|Any CPU.Build.0 = Debug|Any CPU
		{5AD05B4F-F702-4A54-AEFA-EB63C6C14719}.Release|Any CPU.ActiveCfg = Release|Any CPU
		{5AD05B4F-F702-4A54-AEFA-EB63C6C14719}.Release|Any CPU.Build.0 = Release|Any CPU
		{98E9D0CE-0DB1-4258-AF0D-5BE61D54B176}.Debug|Any CPU.ActiveCfg = Debug|Any CPU
		{98E9D0CE-0DB1-4258-AF0D-5BE61D54B176}.Debug|Any CPU.Build.0 = Debug|Any CPU
		{98E9D0CE-0DB1-4258-AF0D-5BE61D54B176}.Release|Any CPU.ActiveCfg = Release|Any CPU
		{98E9D0CE-0DB1-4258-AF0D-5BE61D54B176}.Release|Any CPU.Build.0 = Release|Any CPU
		{38140A9D-6DDC-48D8-A34D-EEDBE2D589C1}.Debug|Any CPU.ActiveCfg = Debug|Any CPU
		{38140A9D-6DDC-48D8-A34D-EEDBE2D589C1}.Debug|Any CPU.Build.0 = Debug|Any CPU
		{38140A9D-6DDC-48D8-A34D-EEDBE2D589C1}.Release|Any CPU.ActiveCfg = Release|Any CPU
		{38140A9D-6DDC-48D8-A34D-EEDBE2D589C1}.Release|Any CPU.Build.0 = Release|Any CPU
		{C38EE39D-DBE8-4688-B147-C6C11130D65C}.Debug|Any CPU.ActiveCfg = Debug|Any CPU
		{C38EE39D-DBE8-4688-B147-C6C11130D65C}.Debug|Any CPU.Build.0 = Debug|Any CPU
		{C38EE39D-DBE8-4688-B147-C6C11130D65C}.Release|Any CPU.ActiveCfg = Release|Any CPU
		{C38EE39D-DBE8-4688-B147-C6C11130D65C}.Release|Any CPU.Build.0 = Release|Any CPU
		{571903FF-1DB6-439D-9DE6-CD4D0948DFC9}.Debug|Any CPU.ActiveCfg = Debug|Any CPU
		{571903FF-1DB6-439D-9DE6-CD4D0948DFC9}.Debug|Any CPU.Build.0 = Debug|Any CPU
		{571903FF-1DB6-439D-9DE6-CD4D0948DFC9}.Release|Any CPU.ActiveCfg = Release|Any CPU
		{571903FF-1DB6-439D-9DE6-CD4D0948DFC9}.Release|Any CPU.Build.0 = Release|Any CPU
		{3DD369D6-2059-4142-8265-68D9D755A823}.Debug|Any CPU.ActiveCfg = Debug|Any CPU
		{3DD369D6-2059-4142-8265-68D9D755A823}.Debug|Any CPU.Build.0 = Debug|Any CPU
		{3DD369D6-2059-4142-8265-68D9D755A823}.Release|Any CPU.ActiveCfg = Release|Any CPU
		{3DD369D6-2059-4142-8265-68D9D755A823}.Release|Any CPU.Build.0 = Release|Any CPU
		{30DAF032-1EF6-4DF1-A497-4A9FF79724FA}.Debug|Any CPU.ActiveCfg = Debug|Any CPU
		{30DAF032-1EF6-4DF1-A497-4A9FF79724FA}.Debug|Any CPU.Build.0 = Debug|Any CPU
		{30DAF032-1EF6-4DF1-A497-4A9FF79724FA}.Release|Any CPU.ActiveCfg = Release|Any CPU
		{30DAF032-1EF6-4DF1-A497-4A9FF79724FA}.Release|Any CPU.Build.0 = Release|Any CPU
		{6BA6075D-ED94-44E7-83A2-5616FB645D94}.Debug|Any CPU.ActiveCfg = Debug|Any CPU
		{6BA6075D-ED94-44E7-83A2-5616FB645D94}.Debug|Any CPU.Build.0 = Debug|Any CPU
		{6BA6075D-ED94-44E7-83A2-5616FB645D94}.Release|Any CPU.ActiveCfg = Release|Any CPU
		{6BA6075D-ED94-44E7-83A2-5616FB645D94}.Release|Any CPU.Build.0 = Release|Any CPU
		{5C4066A0-77D6-4C3D-8E54-47F9D723419C}.Debug|Any CPU.ActiveCfg = Debug|Any CPU
		{5C4066A0-77D6-4C3D-8E54-47F9D723419C}.Debug|Any CPU.Build.0 = Debug|Any CPU
		{5C4066A0-77D6-4C3D-8E54-47F9D723419C}.Release|Any CPU.ActiveCfg = Release|Any CPU
		{5C4066A0-77D6-4C3D-8E54-47F9D723419C}.Release|Any CPU.Build.0 = Release|Any CPU
		{64258154-31BD-4A56-8C83-3D5326892687}.Debug|Any CPU.ActiveCfg = Debug|Any CPU
		{64258154-31BD-4A56-8C83-3D5326892687}.Debug|Any CPU.Build.0 = Debug|Any CPU
		{64258154-31BD-4A56-8C83-3D5326892687}.Release|Any CPU.ActiveCfg = Release|Any CPU
		{64258154-31BD-4A56-8C83-3D5326892687}.Release|Any CPU.Build.0 = Release|Any CPU
		{C3BB8DEB-38C7-4A6C-9F79-8FC862814001}.Debug|Any CPU.ActiveCfg = Debug|Any CPU
		{C3BB8DEB-38C7-4A6C-9F79-8FC862814001}.Debug|Any CPU.Build.0 = Debug|Any CPU
		{C3BB8DEB-38C7-4A6C-9F79-8FC862814001}.Release|Any CPU.ActiveCfg = Release|Any CPU
		{C3BB8DEB-38C7-4A6C-9F79-8FC862814001}.Release|Any CPU.Build.0 = Release|Any CPU
		{3782C1E5-3D5B-436F-8839-D1EDA678F932}.Debug|Any CPU.ActiveCfg = Debug|Any CPU
		{3782C1E5-3D5B-436F-8839-D1EDA678F932}.Debug|Any CPU.Build.0 = Debug|Any CPU
		{3782C1E5-3D5B-436F-8839-D1EDA678F932}.Release|Any CPU.ActiveCfg = Release|Any CPU
		{3782C1E5-3D5B-436F-8839-D1EDA678F932}.Release|Any CPU.Build.0 = Release|Any CPU
		{55369EC9-5715-4824-896D-5F3368A02AB0}.Debug|Any CPU.ActiveCfg = Debug|Any CPU
		{55369EC9-5715-4824-896D-5F3368A02AB0}.Debug|Any CPU.Build.0 = Debug|Any CPU
		{55369EC9-5715-4824-896D-5F3368A02AB0}.Release|Any CPU.ActiveCfg = Release|Any CPU
		{55369EC9-5715-4824-896D-5F3368A02AB0}.Release|Any CPU.Build.0 = Release|Any CPU
		{2AA655B7-21D1-4882-93A5-6974DAEC4723}.Debug|Any CPU.ActiveCfg = Debug|Any CPU
		{2AA655B7-21D1-4882-93A5-6974DAEC4723}.Debug|Any CPU.Build.0 = Debug|Any CPU
		{2AA655B7-21D1-4882-93A5-6974DAEC4723}.Release|Any CPU.ActiveCfg = Release|Any CPU
		{2AA655B7-21D1-4882-93A5-6974DAEC4723}.Release|Any CPU.Build.0 = Release|Any CPU
		{2E542E71-366B-46A9-9995-3190AAF30777}.Debug|Any CPU.ActiveCfg = Debug|Any CPU
		{2E542E71-366B-46A9-9995-3190AAF30777}.Debug|Any CPU.Build.0 = Debug|Any CPU
		{2E542E71-366B-46A9-9995-3190AAF30777}.Release|Any CPU.ActiveCfg = Release|Any CPU
		{2E542E71-366B-46A9-9995-3190AAF30777}.Release|Any CPU.Build.0 = Release|Any CPU
		{465A0B32-7FF4-4BD3-B6D9-C02A853C3CBD}.Debug|Any CPU.ActiveCfg = Debug|Any CPU
		{465A0B32-7FF4-4BD3-B6D9-C02A853C3CBD}.Debug|Any CPU.Build.0 = Debug|Any CPU
		{465A0B32-7FF4-4BD3-B6D9-C02A853C3CBD}.Release|Any CPU.ActiveCfg = Release|Any CPU
		{465A0B32-7FF4-4BD3-B6D9-C02A853C3CBD}.Release|Any CPU.Build.0 = Release|Any CPU
		{331D1498-5D33-421B-9EE9-32B69D5BBB59}.Debug|Any CPU.ActiveCfg = Debug|Any CPU
		{331D1498-5D33-421B-9EE9-32B69D5BBB59}.Debug|Any CPU.Build.0 = Debug|Any CPU
		{331D1498-5D33-421B-9EE9-32B69D5BBB59}.Release|Any CPU.ActiveCfg = Release|Any CPU
		{331D1498-5D33-421B-9EE9-32B69D5BBB59}.Release|Any CPU.Build.0 = Release|Any CPU
		{34C9B594-259B-4B1D-8CD4-A7A3CE9B586D}.Debug|Any CPU.ActiveCfg = Debug|Any CPU
		{34C9B594-259B-4B1D-8CD4-A7A3CE9B586D}.Debug|Any CPU.Build.0 = Debug|Any CPU
		{34C9B594-259B-4B1D-8CD4-A7A3CE9B586D}.Release|Any CPU.ActiveCfg = Release|Any CPU
		{34C9B594-259B-4B1D-8CD4-A7A3CE9B586D}.Release|Any CPU.Build.0 = Release|Any CPU
		{18DB56C3-745A-47C5-9A35-209A138BBD11}.Debug|Any CPU.ActiveCfg = Debug|Any CPU
		{18DB56C3-745A-47C5-9A35-209A138BBD11}.Debug|Any CPU.Build.0 = Debug|Any CPU
		{18DB56C3-745A-47C5-9A35-209A138BBD11}.Release|Any CPU.ActiveCfg = Release|Any CPU
		{18DB56C3-745A-47C5-9A35-209A138BBD11}.Release|Any CPU.Build.0 = Release|Any CPU
		{68E4823D-6C05-4B07-B73B-2F0EB9BD00FE}.Debug|Any CPU.ActiveCfg = Debug|Any CPU
		{68E4823D-6C05-4B07-B73B-2F0EB9BD00FE}.Debug|Any CPU.Build.0 = Debug|Any CPU
		{68E4823D-6C05-4B07-B73B-2F0EB9BD00FE}.Release|Any CPU.ActiveCfg = Release|Any CPU
		{68E4823D-6C05-4B07-B73B-2F0EB9BD00FE}.Release|Any CPU.Build.0 = Release|Any CPU
		{FD2E7F2D-C970-4AF1-AB7F-0E2B62E83511}.Debug|Any CPU.ActiveCfg = Debug|Any CPU
		{FD2E7F2D-C970-4AF1-AB7F-0E2B62E83511}.Debug|Any CPU.Build.0 = Debug|Any CPU
		{FD2E7F2D-C970-4AF1-AB7F-0E2B62E83511}.Release|Any CPU.ActiveCfg = Release|Any CPU
		{FD2E7F2D-C970-4AF1-AB7F-0E2B62E83511}.Release|Any CPU.Build.0 = Release|Any CPU
		{8A197AF0-46C2-49CC-B002-F5749C2B2398}.Debug|Any CPU.ActiveCfg = Debug|Any CPU
		{8A197AF0-46C2-49CC-B002-F5749C2B2398}.Debug|Any CPU.Build.0 = Debug|Any CPU
		{8A197AF0-46C2-49CC-B002-F5749C2B2398}.Release|Any CPU.ActiveCfg = Release|Any CPU
		{8A197AF0-46C2-49CC-B002-F5749C2B2398}.Release|Any CPU.Build.0 = Release|Any CPU
		{572887EC-C5C5-46DE-B81F-0D91932DE999}.Debug|Any CPU.ActiveCfg = Debug|Any CPU
		{572887EC-C5C5-46DE-B81F-0D91932DE999}.Debug|Any CPU.Build.0 = Debug|Any CPU
		{572887EC-C5C5-46DE-B81F-0D91932DE999}.Release|Any CPU.ActiveCfg = Release|Any CPU
		{572887EC-C5C5-46DE-B81F-0D91932DE999}.Release|Any CPU.Build.0 = Release|Any CPU
		{07536CE5-5FD1-40C4-A484-66FA1F880541}.Debug|Any CPU.ActiveCfg = Debug|Any CPU
		{07536CE5-5FD1-40C4-A484-66FA1F880541}.Debug|Any CPU.Build.0 = Debug|Any CPU
		{07536CE5-5FD1-40C4-A484-66FA1F880541}.Release|Any CPU.ActiveCfg = Release|Any CPU
		{07536CE5-5FD1-40C4-A484-66FA1F880541}.Release|Any CPU.Build.0 = Release|Any CPU
		{13498172-6950-44F0-AD8F-935E27C533B5}.Debug|Any CPU.ActiveCfg = Debug|Any CPU
		{13498172-6950-44F0-AD8F-935E27C533B5}.Debug|Any CPU.Build.0 = Debug|Any CPU
		{13498172-6950-44F0-AD8F-935E27C533B5}.Release|Any CPU.ActiveCfg = Release|Any CPU
		{13498172-6950-44F0-AD8F-935E27C533B5}.Release|Any CPU.Build.0 = Release|Any CPU
		{BBE775E3-E127-499B-8999-1DFAC9189216}.Debug|Any CPU.ActiveCfg = Debug|Any CPU
		{BBE775E3-E127-499B-8999-1DFAC9189216}.Debug|Any CPU.Build.0 = Debug|Any CPU
		{BBE775E3-E127-499B-8999-1DFAC9189216}.Release|Any CPU.ActiveCfg = Release|Any CPU
		{BBE775E3-E127-499B-8999-1DFAC9189216}.Release|Any CPU.Build.0 = Release|Any CPU
		{BE42F079-8CE7-4563-8DBE-2712B341490A}.Debug|Any CPU.ActiveCfg = Debug|Any CPU
		{BE42F079-8CE7-4563-8DBE-2712B341490A}.Debug|Any CPU.Build.0 = Debug|Any CPU
		{BE42F079-8CE7-4563-8DBE-2712B341490A}.Release|Any CPU.ActiveCfg = Release|Any CPU
		{BE42F079-8CE7-4563-8DBE-2712B341490A}.Release|Any CPU.Build.0 = Release|Any CPU
		{D55849A7-955E-4A5D-8B7B-BCDD4F760CB3}.Debug|Any CPU.ActiveCfg = Debug|Any CPU
		{D55849A7-955E-4A5D-8B7B-BCDD4F760CB3}.Debug|Any CPU.Build.0 = Debug|Any CPU
		{D55849A7-955E-4A5D-8B7B-BCDD4F760CB3}.Release|Any CPU.ActiveCfg = Release|Any CPU
		{D55849A7-955E-4A5D-8B7B-BCDD4F760CB3}.Release|Any CPU.Build.0 = Release|Any CPU
		{772D19FE-771D-4605-94AF-C65147FA571F}.Debug|Any CPU.ActiveCfg = Debug|Any CPU
		{772D19FE-771D-4605-94AF-C65147FA571F}.Debug|Any CPU.Build.0 = Debug|Any CPU
		{772D19FE-771D-4605-94AF-C65147FA571F}.Release|Any CPU.ActiveCfg = Release|Any CPU
		{772D19FE-771D-4605-94AF-C65147FA571F}.Release|Any CPU.Build.0 = Release|Any CPU
		{D3F559B7-A9C1-4393-B5BC-BEE9950B50D9}.Debug|Any CPU.ActiveCfg = Debug|Any CPU
		{D3F559B7-A9C1-4393-B5BC-BEE9950B50D9}.Debug|Any CPU.Build.0 = Debug|Any CPU
		{D3F559B7-A9C1-4393-B5BC-BEE9950B50D9}.Release|Any CPU.ActiveCfg = Release|Any CPU
		{D3F559B7-A9C1-4393-B5BC-BEE9950B50D9}.Release|Any CPU.Build.0 = Release|Any CPU
		{B6D2927D-6AAF-4E40-B1B2-A4A02FD7ECA8}.Debug|Any CPU.ActiveCfg = Debug|Any CPU
		{B6D2927D-6AAF-4E40-B1B2-A4A02FD7ECA8}.Debug|Any CPU.Build.0 = Debug|Any CPU
		{B6D2927D-6AAF-4E40-B1B2-A4A02FD7ECA8}.Release|Any CPU.ActiveCfg = Release|Any CPU
		{B6D2927D-6AAF-4E40-B1B2-A4A02FD7ECA8}.Release|Any CPU.Build.0 = Release|Any CPU
	EndGlobalSection
	GlobalSection(SolutionProperties) = preSolution
		HideSolutionNode = FALSE
	EndGlobalSection
	GlobalSection(NestedProjects) = preSolution
		{81A1282F-37EB-4394-8A5C-3B1252DCA44C} = {99145D4F-AFE4-4651-B039-28632F476A57}
		{D212466A-3376-481C-BEC7-6CD30FD1CFAE} = {99145D4F-AFE4-4651-B039-28632F476A57}
		{18D005E0-7037-495C-9439-F8DC2ABD218F} = {99145D4F-AFE4-4651-B039-28632F476A57}
		{297B2640-3C29-486D-86C3-D9F8149C4182} = {99145D4F-AFE4-4651-B039-28632F476A57}
		{BDD0645B-67E0-4889-983B-14A0D69AB539} = {5F7DFD0B-62A8-4E68-8F59-4AD641400EBC}
		{5F7DFD0B-62A8-4E68-8F59-4AD641400EBC} = {D212466A-3376-481C-BEC7-6CD30FD1CFAE}
		{820129F6-935F-46A8-B56B-2E4A98CD3620} = {D212466A-3376-481C-BEC7-6CD30FD1CFAE}
		{533C16B1-DF19-40B3-BFDB-BA7FC4D51B47} = {D212466A-3376-481C-BEC7-6CD30FD1CFAE}
		{1C77596F-2676-4D27-B1CE-778C84BBE371} = {D212466A-3376-481C-BEC7-6CD30FD1CFAE}
		{7F23B23E-825A-464E-86A4-A08EA7128100} = {1C77596F-2676-4D27-B1CE-778C84BBE371}
		{5AD05B4F-F702-4A54-AEFA-EB63C6C14719} = {533C16B1-DF19-40B3-BFDB-BA7FC4D51B47}
		{98E9D0CE-0DB1-4258-AF0D-5BE61D54B176} = {820129F6-935F-46A8-B56B-2E4A98CD3620}
		{58B031CC-B17A-44E5-B226-97124790F11A} = {99145D4F-AFE4-4651-B039-28632F476A57}
		{38140A9D-6DDC-48D8-A34D-EEDBE2D589C1} = {58B031CC-B17A-44E5-B226-97124790F11A}
		{C38EE39D-DBE8-4688-B147-C6C11130D65C} = {58B031CC-B17A-44E5-B226-97124790F11A}
		{571903FF-1DB6-439D-9DE6-CD4D0948DFC9} = {58B031CC-B17A-44E5-B226-97124790F11A}
		{3DD369D6-2059-4142-8265-68D9D755A823} = {820129F6-935F-46A8-B56B-2E4A98CD3620}
		{EE6ADDF4-1F11-4794-B82A-84C91795F606} = {D212466A-3376-481C-BEC7-6CD30FD1CFAE}
		{30DAF032-1EF6-4DF1-A497-4A9FF79724FA} = {EE6ADDF4-1F11-4794-B82A-84C91795F606}
		{6BA6075D-ED94-44E7-83A2-5616FB645D94} = {4CF09C15-C18A-436D-93AC-DEEDFC13369A}
		{061523B8-63B9-4804-AADE-FC124957E157} = {D212466A-3376-481C-BEC7-6CD30FD1CFAE}
		{5C4066A0-77D6-4C3D-8E54-47F9D723419C} = {061523B8-63B9-4804-AADE-FC124957E157}
		{CB10B99E-C50E-4B6B-BF65-FC6C32DFB2FE} = {18D005E0-7037-495C-9439-F8DC2ABD218F}
		{4A1B707A-91B0-437B-9EB2-7212DB730D22} = {18D005E0-7037-495C-9439-F8DC2ABD218F}
		{284B3155-20D1-4A7B-B848-F73BC635E9F5} = {18D005E0-7037-495C-9439-F8DC2ABD218F}
		{DDE3F66F-A23A-4C1B-B080-FEA2740B6F81} = {18D005E0-7037-495C-9439-F8DC2ABD218F}
		{42AD3AB1-3E06-42C7-8E6F-8B202CAC6025} = {18D005E0-7037-495C-9439-F8DC2ABD218F}
		{64258154-31BD-4A56-8C83-3D5326892687} = {CB10B99E-C50E-4B6B-BF65-FC6C32DFB2FE}
		{C3BB8DEB-38C7-4A6C-9F79-8FC862814001} = {4A1B707A-91B0-437B-9EB2-7212DB730D22}
		{3782C1E5-3D5B-436F-8839-D1EDA678F932} = {4A1B707A-91B0-437B-9EB2-7212DB730D22}
		{55369EC9-5715-4824-896D-5F3368A02AB0} = {DDE3F66F-A23A-4C1B-B080-FEA2740B6F81}
		{2AA655B7-21D1-4882-93A5-6974DAEC4723} = {284B3155-20D1-4A7B-B848-F73BC635E9F5}
		{75E290CF-62B5-4918-83CB-667C14FB2C40} = {297B2640-3C29-486D-86C3-D9F8149C4182}
		{3E5396A5-BA1E-4AE5-87E2-C149AD19DDE0} = {297B2640-3C29-486D-86C3-D9F8149C4182}
		{16C28E55-7BE9-4ECB-9895-E2347FEBDD55} = {297B2640-3C29-486D-86C3-D9F8149C4182}
		{D7B28E69-BD40-4A70-B3BB-C11114957568} = {297B2640-3C29-486D-86C3-D9F8149C4182}
		{CEFDF8C3-5117-447E-ABFE-DA51897C8D48} = {297B2640-3C29-486D-86C3-D9F8149C4182}
		{BE149FA1-B4E4-4A84-A889-35599DDC4E0A} = {297B2640-3C29-486D-86C3-D9F8149C4182}
		{2E542E71-366B-46A9-9995-3190AAF30777} = {75E290CF-62B5-4918-83CB-667C14FB2C40}
		{465A0B32-7FF4-4BD3-B6D9-C02A853C3CBD} = {3E5396A5-BA1E-4AE5-87E2-C149AD19DDE0}
		{331D1498-5D33-421B-9EE9-32B69D5BBB59} = {3E5396A5-BA1E-4AE5-87E2-C149AD19DDE0}
		{34C9B594-259B-4B1D-8CD4-A7A3CE9B586D} = {16C28E55-7BE9-4ECB-9895-E2347FEBDD55}
		{18DB56C3-745A-47C5-9A35-209A138BBD11} = {D7B28E69-BD40-4A70-B3BB-C11114957568}
		{68E4823D-6C05-4B07-B73B-2F0EB9BD00FE} = {CEFDF8C3-5117-447E-ABFE-DA51897C8D48}
		{FD2E7F2D-C970-4AF1-AB7F-0E2B62E83511} = {3E5396A5-BA1E-4AE5-87E2-C149AD19DDE0}
		{EF78988B-F85C-4408-A426-4EA3955B4925} = {D212466A-3376-481C-BEC7-6CD30FD1CFAE}
		{8A197AF0-46C2-49CC-B002-F5749C2B2398} = {EF78988B-F85C-4408-A426-4EA3955B4925}
		{6999511A-103E-45D6-A4C9-4F0C1E3C51B9} = {81A1282F-37EB-4394-8A5C-3B1252DCA44C}
		{41D4CD6F-9CC5-4392-8A9D-D796D182B17E} = {81A1282F-37EB-4394-8A5C-3B1252DCA44C}
		{72D21866-ECDC-49AA-84B0-E162AA7D0E0E} = {81A1282F-37EB-4394-8A5C-3B1252DCA44C}
		{6C944445-025F-47F1-AE2D-C50A9E5BD024} = {81A1282F-37EB-4394-8A5C-3B1252DCA44C}
		{21000E3A-E533-4B9D-BB72-966E7E9CCE4B} = {81A1282F-37EB-4394-8A5C-3B1252DCA44C}
		{572887EC-C5C5-46DE-B81F-0D91932DE999} = {6C944445-025F-47F1-AE2D-C50A9E5BD024}
		{07536CE5-5FD1-40C4-A484-66FA1F880541} = {72D21866-ECDC-49AA-84B0-E162AA7D0E0E}
		{13498172-6950-44F0-AD8F-935E27C533B5} = {6999511A-103E-45D6-A4C9-4F0C1E3C51B9}
		{BBE775E3-E127-499B-8999-1DFAC9189216} = {41D4CD6F-9CC5-4392-8A9D-D796D182B17E}
		{BE42F079-8CE7-4563-8DBE-2712B341490A} = {41D4CD6F-9CC5-4392-8A9D-D796D182B17E}
		{D55849A7-955E-4A5D-8B7B-BCDD4F760CB3} = {9F13F714-C667-46CA-BA08-F0AAC8A1D2AC}
		{772D19FE-771D-4605-94AF-C65147FA571F} = {9F13F714-C667-46CA-BA08-F0AAC8A1D2AC}
		{D3F559B7-A9C1-4393-B5BC-BEE9950B50D9} = {9F13F714-C667-46CA-BA08-F0AAC8A1D2AC}
		{B6D2927D-6AAF-4E40-B1B2-A4A02FD7ECA8} = {9F13F714-C667-46CA-BA08-F0AAC8A1D2AC}
	EndGlobalSection
	GlobalSection(ExtensibilityGlobals) = postSolution
		SolutionGuid = {A576E1E0-1B32-4B28-9AAC-12E650130222}
	EndGlobalSection
EndGlobal
