
Microsoft Visual Studio Solution File, Format Version 12.00
# Visual Studio Version 16
VisualStudioVersion = 16.0.31112.23
MinimumVisualStudioVersion = 10.0.40219.1
Project("{2150E333-8FDC-42A3-9474-1A3956D46DE8}") = "01. Clients", "01. Clients", "{EAE6831E-32E6-4555-8421-0D8910F74BE7}"
EndProject
Project("{2150E333-8FDC-42A3-9474-1A3956D46DE8}") = "02. Api.Gateways", "02. Api.Gateways", "{9F13F714-C667-46CA-BA08-F0AAC8A1D2AC}"
EndProject
Project("{2150E333-8FDC-42A3-9474-1A3956D46DE8}") = "03. Services", "03. Services", "{99145D4F-AFE4-4651-B039-28632F476A57}"
EndProject
Project("{2150E333-8FDC-42A3-9474-1A3956D46DE8}") = "01. Identity", "01. Identity", "{81A1282F-37EB-4394-8A5C-3B1252DCA44C}"
EndProject
Project("{2150E333-8FDC-42A3-9474-1A3956D46DE8}") = "02. Catalog", "02. Catalog", "{D212466A-3376-481C-BEC7-6CD30FD1CFAE}"
EndProject
Project("{2150E333-8FDC-42A3-9474-1A3956D46DE8}") = "03. Customer", "03. Customer", "{18D005E0-7037-495C-9439-F8DC2ABD218F}"
EndProject
Project("{2150E333-8FDC-42A3-9474-1A3956D46DE8}") = "04. Order", "04. Order", "{297B2640-3C29-486D-86C3-D9F8149C4182}"
EndProject
Project("{FAE04EC0-301F-11D3-BF4B-00C04F79EFBC}") = "Catalog.Api", "src\Services\Catalog\Catalog.Api\Catalog.Api.csproj", "{BDD0645B-67E0-4889-983B-14A0D69AB539}"
EndProject
Project("{2150E333-8FDC-42A3-9474-1A3956D46DE8}") = "01. API", "01. API", "{5F7DFD0B-62A8-4E68-8F59-4AD641400EBC}"
EndProject
Project("{2150E333-8FDC-42A3-9474-1A3956D46DE8}") = "02. Services", "02. Services", "{820129F6-935F-46A8-B56B-2E4A98CD3620}"
EndProject
Project("{2150E333-8FDC-42A3-9474-1A3956D46DE8}") = "03. Persistence", "03. Persistence", "{533C16B1-DF19-40B3-BFDB-BA7FC4D51B47}"
EndProject
Project("{2150E333-8FDC-42A3-9474-1A3956D46DE8}") = "04. Models", "04. Models", "{1C77596F-2676-4D27-B1CE-778C84BBE371}"
EndProject
Project("{FAE04EC0-301F-11D3-BF4B-00C04F79EFBC}") = "Catalog.Domain", "src\Services\Catalog\Catalog.Domain\Catalog.Domain.csproj", "{7F23B23E-825A-464E-86A4-A08EA7128100}"
EndProject
Project("{FAE04EC0-301F-11D3-BF4B-00C04F79EFBC}") = "Catalog.Persistence.Database", "src\Services\Catalog\Catalog.Persistence.Database\Catalog.Persistence.Database.csproj", "{5AD05B4F-F702-4A54-AEFA-EB63C6C14719}"
EndProject
Global
	GlobalSection(SolutionConfigurationPlatforms) = preSolution
		Debug|Any CPU = Debug|Any CPU
		Release|Any CPU = Release|Any CPU
	EndGlobalSection
	GlobalSection(ProjectConfigurationPlatforms) = postSolution
		{BDD0645B-67E0-4889-983B-14A0D69AB539}.Debug|Any CPU.ActiveCfg = Debug|Any CPU
		{BDD0645B-67E0-4889-983B-14A0D69AB539}.Debug|Any CPU.Build.0 = Debug|Any CPU
		{BDD0645B-67E0-4889-983B-14A0D69AB539}.Release|Any CPU.ActiveCfg = Release|Any CPU
		{BDD0645B-67E0-4889-983B-14A0D69AB539}.Release|Any CPU.Build.0 = Release|Any CPU
		{7F23B23E-825A-464E-86A4-A08EA7128100}.Debug|Any CPU.ActiveCfg = Debug|Any CPU
		{7F23B23E-825A-464E-86A4-A08EA7128100}.Debug|Any CPU.Build.0 = Debug|Any CPU
		{7F23B23E-825A-464E-86A4-A08EA7128100}.Release|Any CPU.ActiveCfg = Release|Any CPU
		{7F23B23E-825A-464E-86A4-A08EA7128100}.Release|Any CPU.Build.0 = Release|Any CPU
		{5AD05B4F-F702-4A54-AEFA-EB63C6C14719}.Debug|Any CPU.ActiveCfg = Debug|Any CPU
		{5AD05B4F-F702-4A54-AEFA-EB63C6C14719}.Debug|Any CPU.Build.0 = Debug|Any CPU
		{5AD05B4F-F702-4A54-AEFA-EB63C6C14719}.Release|Any CPU.ActiveCfg = Release|Any CPU
		{5AD05B4F-F702-4A54-AEFA-EB63C6C14719}.Release|Any CPU.Build.0 = Release|Any CPU
	EndGlobalSection
	GlobalSection(SolutionProperties) = preSolution
		HideSolutionNode = FALSE
	EndGlobalSection
	GlobalSection(NestedProjects) = preSolution
		{81A1282F-37EB-4394-8A5C-3B1252DCA44C} = {99145D4F-AFE4-4651-B039-28632F476A57}
		{D212466A-3376-481C-BEC7-6CD30FD1CFAE} = {99145D4F-AFE4-4651-B039-28632F476A57}
		{18D005E0-7037-495C-9439-F8DC2ABD218F} = {99145D4F-AFE4-4651-B039-28632F476A57}
		{297B2640-3C29-486D-86C3-D9F8149C4182} = {99145D4F-AFE4-4651-B039-28632F476A57}
		{BDD0645B-67E0-4889-983B-14A0D69AB539} = {5F7DFD0B-62A8-4E68-8F59-4AD641400EBC}
		{5F7DFD0B-62A8-4E68-8F59-4AD641400EBC} = {D212466A-3376-481C-BEC7-6CD30FD1CFAE}
		{820129F6-935F-46A8-B56B-2E4A98CD3620} = {D212466A-3376-481C-BEC7-6CD30FD1CFAE}
		{533C16B1-DF19-40B3-BFDB-BA7FC4D51B47} = {D212466A-3376-481C-BEC7-6CD30FD1CFAE}
		{1C77596F-2676-4D27-B1CE-778C84BBE371} = {D212466A-3376-481C-BEC7-6CD30FD1CFAE}
		{7F23B23E-825A-464E-86A4-A08EA7128100} = {1C77596F-2676-4D27-B1CE-778C84BBE371}
		{5AD05B4F-F702-4A54-AEFA-EB63C6C14719} = {533C16B1-DF19-40B3-BFDB-BA7FC4D51B47}
	EndGlobalSection
	GlobalSection(ExtensibilityGlobals) = postSolution
		SolutionGuid = {A576E1E0-1B32-4B28-9AAC-12E650130222}
	EndGlobalSection
EndGlobal
